
Microsoft Visual Studio Solution File, Format Version 12.00
# Visual Studio Version 17
VisualStudioVersion = 17.13.35825.156 d17.13
MinimumVisualStudioVersion = 10.0.40219.1
Project("{FAE04EC0-301F-11D3-BF4B-00C04F79EFBC}") = "AyancikYemekWeb", "AyancikYemekWeb\AyancikYemekWeb.csproj", "{CCACB7FE-9E6A-44B1-B5FE-C13815878656}"
EndProject
Global
	GlobalSection(SolutionConfigurationPlatforms) = preSolution
		Debug|Any CPU = Debug|Any CPU
		Release|Any CPU = Release|Any CPU
	EndGlobalSection
	GlobalSection(ProjectConfigurationPlatforms) = postSolution
		{CCACB7FE-9E6A-44B1-B5FE-C13815878656}.Debug|Any CPU.ActiveCfg = Debug|Any CPU
		{CCACB7FE-9E6A-44B1-B5FE-C13815878656}.Debug|Any CPU.Build.0 = Debug|Any CPU
		{CCACB7FE-9E6A-44B1-B5FE-C13815878656}.Release|Any CPU.ActiveCfg = Release|Any CPU
		{CCACB7FE-9E6A-44B1-B5FE-C13815878656}.Release|Any CPU.Build.0 = Release|Any CPU
	EndGlobalSection
	GlobalSection(SolutionProperties) = preSolution
		HideSolutionNode = FALSE
	EndGlobalSection
	GlobalSection(ExtensibilityGlobals) = postSolution
		SolutionGuid = {0AFEB9CD-8FCD-48B5-9D3C-1C7C44A4C376}
	EndGlobalSection
EndGlobal
